// !$*UTF8*$!
{
	archiveVersion = 1;
	classes = {
	};
	objectVersion = 50;
	objects = {

/* Begin PBXBuildFile section */
		6C968D7CDB075EAB1C59BE15 /* Pods_Lesson05a.framework in Frameworks */ = {isa = PBXBuildFile; fileRef = 0D714007F368387E8E0DE7BB /* Pods_Lesson05a.framework */; };
		F75396C5248DCAC6008EA06E /* AppDelegate.swift in Sources */ = {isa = PBXBuildFile; fileRef = F75396C4248DCAC6008EA06E /* AppDelegate.swift */; };
		F75396C7248DCAC6008EA06E /* SceneDelegate.swift in Sources */ = {isa = PBXBuildFile; fileRef = F75396C6248DCAC6008EA06E /* SceneDelegate.swift */; };
		F75396C9248DCAC6008EA06E /* ViewController.swift in Sources */ = {isa = PBXBuildFile; fileRef = F75396C8248DCAC6008EA06E /* ViewController.swift */; };
		F75396CC248DCAC6008EA06E /* Main.storyboard in Resources */ = {isa = PBXBuildFile; fileRef = F75396CA248DCAC6008EA06E /* Main.storyboard */; };
		F75396CE248DCAC9008EA06E /* Assets.xcassets in Resources */ = {isa = PBXBuildFile; fileRef = F75396CD248DCAC9008EA06E /* Assets.xcassets */; };
		F75396D1248DCAC9008EA06E /* LaunchScreen.storyboard in Resources */ = {isa = PBXBuildFile; fileRef = F75396CF248DCAC9008EA06E /* LaunchScreen.storyboard */; };
		F75396D9248DCB23008EA06E /* Cell1.swift in Sources */ = {isa = PBXBuildFile; fileRef = F75396D8248DCB23008EA06E /* Cell1.swift */; };
		F75396DB248DD6A1008EA06E /* Article.swift in Sources */ = {isa = PBXBuildFile; fileRef = F75396DA248DD6A1008EA06E /* Article.swift */; };
/* End PBXBuildFile section */

/* Begin PBXFileReference section */
		0D714007F368387E8E0DE7BB /* Pods_Lesson05a.framework */ = {isa = PBXFileReference; explicitFileType = wrapper.framework; includeInIndex = 0; path = Pods_Lesson05a.framework; sourceTree = BUILT_PRODUCTS_DIR; };
		18BBAE48871A0CC05075FD06 /* Pods-Lesson05a.debug.xcconfig */ = {isa = PBXFileReference; includeInIndex = 1; lastKnownFileType = text.xcconfig; name = "Pods-Lesson05a.debug.xcconfig"; path = "Target Support Files/Pods-Lesson05a/Pods-Lesson05a.debug.xcconfig"; sourceTree = "<group>"; };
		574531645DEF0C88FED30DE7 /* Pods-Lesson05a.release.xcconfig */ = {isa = PBXFileReference; includeInIndex = 1; lastKnownFileType = text.xcconfig; name = "Pods-Lesson05a.release.xcconfig"; path = "Target Support Files/Pods-Lesson05a/Pods-Lesson05a.release.xcconfig"; sourceTree = "<group>"; };
		F75396C1248DCAC6008EA06E /* Lesson05a.app */ = {isa = PBXFileReference; explicitFileType = wrapper.application; includeInIndex = 0; path = Lesson05a.app; sourceTree = BUILT_PRODUCTS_DIR; };
		F75396C4248DCAC6008EA06E /* AppDelegate.swift */ = {isa = PBXFileReference; lastKnownFileType = sourcecode.swift; path = AppDelegate.swift; sourceTree = "<group>"; };
		F75396C6248DCAC6008EA06E /* SceneDelegate.swift */ = {isa = PBXFileReference; lastKnownFileType = sourcecode.swift; path = SceneDelegate.swift; sourceTree = "<group>"; };
		F75396C8248DCAC6008EA06E /* ViewController.swift */ = {isa = PBXFileReference; lastKnownFileType = sourcecode.swift; path = ViewController.swift; sourceTree = "<group>"; };
		F75396CB248DCAC6008EA06E /* Base */ = {isa = PBXFileReference; lastKnownFileType = file.storyboard; name = Base; path = Base.lproj/Main.storyboard; sourceTree = "<group>"; };
		F75396CD248DCAC9008EA06E /* Assets.xcassets */ = {isa = PBXFileReference; lastKnownFileType = folder.assetcatalog; path = Assets.xcassets; sourceTree = "<group>"; };
		F75396D0248DCAC9008EA06E /* Base */ = {isa = PBXFileReference; lastKnownFileType = file.storyboard; name = Base; path = Base.lproj/LaunchScreen.storyboard; sourceTree = "<group>"; };
		F75396D2248DCAC9008EA06E /* Info.plist */ = {isa = PBXFileReference; lastKnownFileType = text.plist.xml; path = Info.plist; sourceTree = "<group>"; };
		F75396D8248DCB23008EA06E /* Cell1.swift */ = {isa = PBXFileReference; lastKnownFileType = sourcecode.swift; path = Cell1.swift; sourceTree = "<group>"; };
		F75396DA248DD6A1008EA06E /* Article.swift */ = {isa = PBXFileReference; lastKnownFileType = sourcecode.swift; path = Article.swift; sourceTree = "<group>"; };
/* End PBXFileReference section */

/* Begin PBXFrameworksBuildPhase section */
		F75396BE248DCAC6008EA06E /* Frameworks */ = {
			isa = PBXFrameworksBuildPhase;
			buildActionMask = 2147483647;
			files = (
				6C968D7CDB075EAB1C59BE15 /* Pods_Lesson05a.framework in Frameworks */,
			);
			runOnlyForDeploymentPostprocessing = 0;
		};
/* End PBXFrameworksBuildPhase section */

/* Begin PBXGroup section */
		D7FC3C80BCAACAB83C375100 /* Pods */ = {
			isa = PBXGroup;
			children = (
				18BBAE48871A0CC05075FD06 /* Pods-Lesson05a.debug.xcconfig */,
				574531645DEF0C88FED30DE7 /* Pods-Lesson05a.release.xcconfig */,
			);
			name = Pods;
			path = Pods;
			sourceTree = "<group>";
		};
		F16B17A5B5A5E5EE0BC55207 /* Frameworks */ = {
			isa = PBXGroup;
			children = (
				0D714007F368387E8E0DE7BB /* Pods_Lesson05a.framework */,
			);
			name = Frameworks;
			sourceTree = "<group>";
		};
		F75396B8248DCAC6008EA06E = {
			isa = PBXGroup;
			children = (
				F75396C3248DCAC6008EA06E /* Lesson05a */,
				F75396C2248DCAC6008EA06E /* Products */,
				D7FC3C80BCAACAB83C375100 /* Pods */,
				F16B17A5B5A5E5EE0BC55207 /* Frameworks */,
			);
			sourceTree = "<group>";
		};
		F75396C2248DCAC6008EA06E /* Products */ = {
			isa = PBXGroup;
			children = (
				F75396C1248DCAC6008EA06E /* Lesson05a.app */,
			);
			name = Products;
			sourceTree = "<group>";
		};
		F75396C3248DCAC6008EA06E /* Lesson05a */ = {
			isa = PBXGroup;
			children = (
				F75396C4248DCAC6008EA06E /* AppDelegate.swift */,
				F75396C6248DCAC6008EA06E /* SceneDelegate.swift */,
				F75396C8248DCAC6008EA06E /* ViewController.swift */,
				F75396D8248DCB23008EA06E /* Cell1.swift */,
				F75396CA248DCAC6008EA06E /* Main.storyboard */,
				F75396CD248DCAC9008EA06E /* Assets.xcassets */,
				F75396CF248DCAC9008EA06E /* LaunchScreen.storyboard */,
				F75396D2248DCAC9008EA06E /* Info.plist */,
				F75396DA248DD6A1008EA06E /* Article.swift */,
			);
			path = Lesson05a;
			sourceTree = "<group>";
		};
/* End PBXGroup section */

/* Begin PBXNativeTarget section */
		F75396C0248DCAC6008EA06E /* Lesson05a */ = {
			isa = PBXNativeTarget;
			buildConfigurationList = F75396D5248DCAC9008EA06E /* Build configuration list for PBXNativeTarget "Lesson05a" */;
			buildPhases = (
				243713EE38CB155BCC0A27A6 /* [CP] Check Pods Manifest.lock */,
				F75396BD248DCAC6008EA06E /* Sources */,
				F75396BE248DCAC6008EA06E /* Frameworks */,
				F75396BF248DCAC6008EA06E /* Resources */,
				8AD12B6EE4C7E8D539F5C9FB /* [CP] Embed Pods Frameworks */,
			);
			buildRules = (
			);
			dependencies = (
			);
			name = Lesson05a;
			productName = Lesson05a;
			productReference = F75396C1248DCAC6008EA06E /* Lesson05a.app */;
			productType = "com.apple.product-type.application";
		};
/* End PBXNativeTarget section */

/* Begin PBXProject section */
		F75396B9248DCAC6008EA06E /* Project object */ = {
			isa = PBXProject;
			attributes = {
				LastSwiftUpdateCheck = 1150;
				LastUpgradeCheck = 1150;
				ORGANIZATIONNAME = AmazingHajin;
				TargetAttributes = {
					F75396C0248DCAC6008EA06E = {
						CreatedOnToolsVersion = 11.5;
					};
				};
			};
			buildConfigurationList = F75396BC248DCAC6008EA06E /* Build configuration list for PBXProject "Lesson05a" */;
			compatibilityVersion = "Xcode 9.3";
			developmentRegion = en;
			hasScannedForEncodings = 0;
			knownRegions = (
				en,
				Base,
			);
			mainGroup = F75396B8248DCAC6008EA06E;
			productRefGroup = F75396C2248DCAC6008EA06E /* Products */;
			projectDirPath = "";
			projectRoot = "";
			targets = (
				F75396C0248DCAC6008EA06E /* Lesson05a */,
			);
		};
/* End PBXProject section */

/* Begin PBXResourcesBuildPhase section */
		F75396BF248DCAC6008EA06E /* Resources */ = {
			isa = PBXResourcesBuildPhase;
			buildActionMask = 2147483647;
			files = (
				F75396D1248DCAC9008EA06E /* LaunchScreen.storyboard in Resources */,
				F75396CE248DCAC9008EA06E /* Assets.xcassets in Resources */,
				F75396CC248DCAC6008EA06E /* Main.storyboard in Resources */,
			);
			runOnlyForDeploymentPostprocessing = 0;
		};
/* End PBXResourcesBuildPhase section */

/* Begin PBXShellScriptBuildPhase section */
		243713EE38CB155BCC0A27A6 /* [CP] Check Pods Manifest.lock */ = {
			isa = PBXShellScriptBuildPhase;
			buildActionMask = 2147483647;
			files = (
			);
			inputFileListPaths = (
			);
			inputPaths = (
				"${PODS_PODFILE_DIR_PATH}/Podfile.lock",
				"${PODS_ROOT}/Manifest.lock",
			);
			name = "[CP] Check Pods Manifest.lock";
			outputFileListPaths = (
			);
			outputPaths = (
				"$(DERIVED_FILE_DIR)/Pods-Lesson05a-checkManifestLockResult.txt",
			);
			runOnlyForDeploymentPostprocessing = 0;
			shellPath = /bin/sh;
			shellScript = "diff \"${PODS_PODFILE_DIR_PATH}/Podfile.lock\" \"${PODS_ROOT}/Manifest.lock\" > /dev/null\nif [ $? != 0 ] ; then\n    # print error to STDERR\n    echo \"error: The sandbox is not in sync with the Podfile.lock. Run 'pod install' or update your CocoaPods installation.\" >&2\n    exit 1\nfi\n# This output is used by Xcode 'outputs' to avoid re-running this script phase.\necho \"SUCCESS\" > \"${SCRIPT_OUTPUT_FILE_0}\"\n";
			showEnvVarsInLog = 0;
		};
		8AD12B6EE4C7E8D539F5C9FB /* [CP] Embed Pods Frameworks */ = {
			isa = PBXShellScriptBuildPhase;
			buildActionMask = 2147483647;
			files = (
			);
			inputFileListPaths = (
				"${PODS_ROOT}/Target Support Files/Pods-Lesson05a/Pods-Lesson05a-frameworks-${CONFIGURATION}-input-files.xcfilelist",
			);
			name = "[CP] Embed Pods Frameworks";
			outputFileListPaths = (
				"${PODS_ROOT}/Target Support Files/Pods-Lesson05a/Pods-Lesson05a-frameworks-${CONFIGURATION}-output-files.xcfilelist",
			);
			runOnlyForDeploymentPostprocessing = 0;
			shellPath = /bin/sh;
			shellScript = "\"${PODS_ROOT}/Target Support Files/Pods-Lesson05a/Pods-Lesson05a-frameworks.sh\"\n";
			showEnvVarsInLog = 0;
		};
/* End PBXShellScriptBuildPhase section */

/* Begin PBXSourcesBuildPhase section */
		F75396BD248DCAC6008EA06E /* Sources */ = {
			isa = PBXSourcesBuildPhase;
			buildActionMask = 2147483647;
			files = (
				F75396C9248DCAC6008EA06E /* ViewController.swift in Sources */,
				F75396C5248DCAC6008EA06E /* AppDelegate.swift in Sources */,
				F75396C7248DCAC6008EA06E /* SceneDelegate.swift in Sources */,
				F75396D9248DCB23008EA06E /* Cell1.swift in Sources */,
				F75396DB248DD6A1008EA06E /* Article.swift in Sources */,
			);
			runOnlyForDeploymentPostprocessing = 0;
		};
/* End PBXSourcesBuildPhase section */

/* Begin PBXVariantGroup section */
		F75396CA248DCAC6008EA06E /* Main.storyboard */ = {
			isa = PBXVariantGroup;
			children = (
				F75396CB248DCAC6008EA06E /* Base */,
			);
			name = Main.storyboard;
			sourceTree = "<group>";
		};
		F75396CF248DCAC9008EA06E /* LaunchScreen.storyboard */ = {
			isa = PBXVariantGroup;
			children = (
				F75396D0248DCAC9008EA06E /* Base */,
			);
			name = LaunchScreen.storyboard;
			sourceTree = "<group>";
		};
/* End PBXVariantGroup section */

/* Begin XCBuildConfiguration section */
		F75396D3248DCAC9008EA06E /* Debug */ = {
			isa = XCBuildConfiguration;
			buildSettings = {
				ALWAYS_SEARCH_USER_PATHS = NO;
				CLANG_ANALYZER_NONNULL = YES;
				CLANG_ANALYZER_NUMBER_OBJECT_CONVERSION = YES_AGGRESSIVE;
				CLANG_CXX_LANGUAGE_STANDARD = "gnu++14";
				CLANG_CXX_LIBRARY = "libc++";
				CLANG_ENABLE_MODULES = YES;
				CLANG_ENABLE_OBJC_ARC = YES;
				CLANG_ENABLE_OBJC_WEAK = YES;
				CLANG_WARN_BLOCK_CAPTURE_AUTORELEASING = YES;
				CLANG_WARN_BOOL_CONVERSION = YES;
				CLANG_WARN_COMMA = YES;
				CLANG_WARN_CONSTANT_CONVERSION = YES;
				CLANG_WARN_DEPRECATED_OBJC_IMPLEMENTATIONS = YES;
				CLANG_WARN_DIRECT_OBJC_ISA_USAGE = YES_ERROR;
				CLANG_WARN_DOCUMENTATION_COMMENTS = YES;
				CLANG_WARN_EMPTY_BODY = YES;
				CLANG_WARN_ENUM_CONVERSION = YES;
				CLANG_WARN_INFINITE_RECURSION = YES;
				CLANG_WARN_INT_CONVERSION = YES;
				CLANG_WARN_NON_LITERAL_NULL_CONVERSION = YES;
				CLANG_WARN_OBJC_IMPLICIT_RETAIN_SELF = YES;
				CLANG_WARN_OBJC_LITERAL_CONVERSION = YES;
				CLANG_WARN_OBJC_ROOT_CLASS = YES_ERROR;
				CLANG_WARN_RANGE_LOOP_ANALYSIS = YES;
				CLANG_WARN_STRICT_PROTOTYPES = YES;
				CLANG_WARN_SUSPICIOUS_MOVE = YES;
				CLANG_WARN_UNGUARDED_AVAILABILITY = YES_AGGRESSIVE;
				CLANG_WARN_UNREACHABLE_CODE = YES;
				CLANG_WARN__DUPLICATE_METHOD_MATCH = YES;
				COPY_PHASE_STRIP = NO;
				DEBUG_INFORMATION_FORMAT = dwarf;
				ENABLE_STRICT_OBJC_MSGSEND = YES;
				ENABLE_TESTABILITY = YES;
				GCC_C_LANGUAGE_STANDARD = gnu11;
				GCC_DYNAMIC_NO_PIC = NO;
				GCC_NO_COMMON_BLOCKS = YES;
				GCC_OPTIMIZATION_LEVEL = 0;
				GCC_PREPROCESSOR_DEFINITIONS = (
					"DEBUG=1",
					"$(inherited)",
				);
				GCC_WARN_64_TO_32_BIT_CONVERSION = YES;
				GCC_WARN_ABOUT_RETURN_TYPE = YES_ERROR;
				GCC_WARN_UNDECLARED_SELECTOR = YES;
				GCC_WARN_UNINITIALIZED_AUTOS = YES_AGGRESSIVE;
				GCC_WARN_UNUSED_FUNCTION = YES;
				GCC_WARN_UNUSED_VARIABLE = YES;
				IPHONEOS_DEPLOYMENT_TARGET = 13.5;
				MTL_ENABLE_DEBUG_INFO = INCLUDE_SOURCE;
				MTL_FAST_MATH = YES;
				ONLY_ACTIVE_ARCH = YES;
				SDKROOT = iphoneos;
				SWIFT_ACTIVE_COMPILATION_CONDITIONS = DEBUG;
				SWIFT_OPTIMIZATION_LEVEL = "-Onone";
			};
			name = Debug;
		};
		F75396D4248DCAC9008EA06E /* Release */ = {
			isa = XCBuildConfiguration;
			buildSettings = {
				ALWAYS_SEARCH_USER_PATHS = NO;
				CLANG_ANALYZER_NONNULL = YES;
				CLANG_ANALYZER_NUMBER_OBJECT_CONVERSION = YES_AGGRESSIVE;
				CLANG_CXX_LANGUAGE_STANDARD = "gnu++14";
				CLANG_CXX_LIBRARY = "libc++";
				CLANG_ENABLE_MODULES = YES;
				CLANG_ENABLE_OBJC_ARC = YES;
				CLANG_ENABLE_OBJC_WEAK = YES;
				CLANG_WARN_BLOCK_CAPTURE_AUTORELEASING = YES;
				CLANG_WARN_BOOL_CONVERSION = YES;
				CLANG_WARN_COMMA = YES;
				CLANG_WARN_CONSTANT_CONVERSION = YES;
				CLANG_WARN_DEPRECATED_OBJC_IMPLEMENTATIONS = YES;
				CLANG_WARN_DIRECT_OBJC_ISA_USAGE = YES_ERROR;
				CLANG_WARN_DOCUMENTATION_COMMENTS = YES;
				CLANG_WARN_EMPTY_BODY = YES;
				CLANG_WARN_ENUM_CONVERSION = YES;
				CLANG_WARN_INFINITE_RECURSION = YES;
				CLANG_WARN_INT_CONVERSION = YES;
				CLANG_WARN_NON_LITERAL_NULL_CONVERSION = YES;
				CLANG_WARN_OBJC_IMPLICIT_RETAIN_SELF = YES;
				CLANG_WARN_OBJC_LITERAL_CONVERSION = YES;
				CLANG_WARN_OBJC_ROOT_CLASS = YES_ERROR;
				CLANG_WARN_RANGE_LOOP_ANALYSIS = YES;
				CLANG_WARN_STRICT_PROTOTYPES = YES;
				CLANG_WARN_SUSPICIOUS_MOVE = YES;
				CLANG_WARN_UNGUARDED_AVAILABILITY = YES_AGGRESSIVE;
				CLANG_WARN_UNREACHABLE_CODE = YES;
				CLANG_WARN__DUPLICATE_METHOD_MATCH = YES;
				COPY_PHASE_STRIP = NO;
				DEBUG_INFORMATION_FORMAT = "dwarf-with-dsym";
				ENABLE_NS_ASSERTIONS = NO;
				ENABLE_STRICT_OBJC_MSGSEND = YES;
				GCC_C_LANGUAGE_STANDARD = gnu11;
				GCC_NO_COMMON_BLOCKS = YES;
				GCC_WARN_64_TO_32_BIT_CONVERSION = YES;
				GCC_WARN_ABOUT_RETURN_TYPE = YES_ERROR;
				GCC_WARN_UNDECLARED_SELECTOR = YES;
				GCC_WARN_UNINITIALIZED_AUTOS = YES_AGGRESSIVE;
				GCC_WARN_UNUSED_FUNCTION = YES;
				GCC_WARN_UNUSED_VARIABLE = YES;
				IPHONEOS_DEPLOYMENT_TARGET = 13.5;
				MTL_ENABLE_DEBUG_INFO = NO;
				MTL_FAST_MATH = YES;
				SDKROOT = iphoneos;
				SWIFT_COMPILATION_MODE = wholemodule;
				SWIFT_OPTIMIZATION_LEVEL = "-O";
				VALIDATE_PRODUCT = YES;
			};
			name = Release;
		};
		F75396D6248DCAC9008EA06E /* Debug */ = {
			isa = XCBuildConfiguration;
			baseConfigurationReference = 18BBAE48871A0CC05075FD06 /* Pods-Lesson05a.debug.xcconfig */;
			buildSettings = {
				ASSETCATALOG_COMPILER_APPICON_NAME = AppIcon;
				CODE_SIGN_STYLE = Automatic;
				DEVELOPMENT_TEAM = 6YFH7CRNYV;
				INFOPLIST_FILE = Lesson05a/Info.plist;
				LD_RUNPATH_SEARCH_PATHS = (
					"$(inherited)",
					"@executable_path/Frameworks",
				);
				PRODUCT_BUNDLE_IDENTIFIER = com.likeUrator.Lesson05a;
				PRODUCT_NAME = "$(TARGET_NAME)";
				SWIFT_VERSION = 5.0;
				TARGETED_DEVICE_FAMILY = "1,2";
			};
			name = Debug;
		};
		F75396D7248DCAC9008EA06E /* Release */ = {
			isa = XCBuildConfiguration;
			baseConfigurationReference = 574531645DEF0C88FED30DE7 /* Pods-Lesson05a.release.xcconfig */;
			buildSettings = {
				ASSETCATALOG_COMPILER_APPICON_NAME = AppIcon;
				CODE_SIGN_STYLE = Automatic;
				DEVELOPMENT_TEAM = 6YFH7CRNYV;
				INFOPLIST_FILE = Lesson05a/Info.plist;
				LD_RUNPATH_SEARCH_PATHS = (
					"$(inherited)",
					"@executable_path/Frameworks",
				);
				PRODUCT_BUNDLE_IDENTIFIER = com.likeUrator.Lesson05a;
				PRODUCT_NAME = "$(TARGET_NAME)";
				SWIFT_VERSION = 5.0;
				TARGETED_DEVICE_FAMILY = "1,2";
			};
			name = Release;
		};
/* End XCBuildConfiguration section */

/* Begin XCConfigurationList section */
		F75396BC248DCAC6008EA06E /* Build configuration list for PBXProject "Lesson05a" */ = {
			isa = XCConfigurationList;
			buildConfigurations = (
				F75396D3248DCAC9008EA06E /* Debug */,
				F75396D4248DCAC9008EA06E /* Release */,
			);
			defaultConfigurationIsVisible = 0;
			defaultConfigurationName = Release;
		};
		F75396D5248DCAC9008EA06E /* Build configuration list for PBXNativeTarget "Lesson05a" */ = {
			isa = XCConfigurationList;
			buildConfigurations = (
				F75396D6248DCAC9008EA06E /* Debug */,
				F75396D7248DCAC9008EA06E /* Release */,
			);
			defaultConfigurationIsVisible = 0;
			defaultConfigurationName = Release;
		};
/* End XCConfigurationList section */
	};
	rootObject = F75396B9248DCAC6008EA06E /* Project object */;
}
